
Microsoft Visual Studio Solution File, Format Version 12.00
# Visual Studio 15
VisualStudioVersion = 15.0.27428.2037
MinimumVisualStudioVersion = 10.0.40219.1
Project("{FAE04EC0-301F-11D3-BF4B-00C04F79EFBC}") = "Exam", "SonicTest\Exam.csproj", "{F5A31FA4-6BA3-4119-8201-9E998B829B12}"
EndProject
Project("{FAE04EC0-301F-11D3-BF4B-00C04F79EFBC}") = "ExamTests", "SonicTests\ExamTests.csproj", "{0E88AA2D-0D7E-4C74-A35E-7BAB8593A174}"
EndProject
Global
	GlobalSection(SolutionConfigurationPlatforms) = preSolution
		Debug|Any CPU = Debug|Any CPU
		Release|Any CPU = Release|Any CPU
	EndGlobalSection
	GlobalSection(ProjectConfigurationPlatforms) = postSolution
		{F5A31FA4-6BA3-4119-8201-9E998B829B12}.Debug|Any CPU.ActiveCfg = Debug|Any CPU
		{F5A31FA4-6BA3-4119-8201-9E998B829B12}.Debug|Any CPU.Build.0 = Debug|Any CPU
		{F5A31FA4-6BA3-4119-8201-9E998B829B12}.Release|Any CPU.ActiveCfg = Release|Any CPU
		{F5A31FA4-6BA3-4119-8201-9E998B829B12}.Release|Any CPU.Build.0 = Release|Any CPU
		{0E88AA2D-0D7E-4C74-A35E-7BAB8593A174}.Debug|Any CPU.ActiveCfg = Debug|Any CPU
		{0E88AA2D-0D7E-4C74-A35E-7BAB8593A174}.Debug|Any CPU.Build.0 = Debug|Any CPU
		{0E88AA2D-0D7E-4C74-A35E-7BAB8593A174}.Release|Any CPU.ActiveCfg = Release|Any CPU
		{0E88AA2D-0D7E-4C74-A35E-7BAB8593A174}.Release|Any CPU.Build.0 = Release|Any CPU
	EndGlobalSection
	GlobalSection(SolutionProperties) = preSolution
		HideSolutionNode = FALSE
	EndGlobalSection
	GlobalSection(ExtensibilityGlobals) = postSolution
		SolutionGuid = {0FB5BDE6-4129-4B0F-9DAE-439577DAF3CC}
	EndGlobalSection
EndGlobal
